{
	"name": "reporter",
	"version": "0.0.1",
	"lockfileVersion": 1,
	"requires": true,
	"dependencies": {
		"@actions/core": {
			"version": "1.2.6",
			"resolved": "https://registry.npmjs.org/@actions/core/-/core-1.2.6.tgz",
			"integrity": "sha512-ZQYitnqiyBc3D+k7LsgSBmMDVkOVidaagDG7j3fOym77jNunWRuYx7VSHa9GNfFZh+zh61xsCjRj4JxMZlDqTA=="
		},
		"json3": {
			"version": "3.3.3",
			"resolved": "https://registry.npmjs.org/json3/-/json3-3.3.3.tgz",
			"integrity": "sha512-c7/8mbUsKigAbLkD5B010BK4D9LZm7A1pNItkEwiUZRpIN66exu/e7YQWysGun+TRKaJp8MhemM+VkfWv42aCA=="
		},
		"lodash": {
			"version": "4.17.20",
			"resolved": "https://registry.npmjs.org/lodash/-/lodash-4.17.20.tgz",
			"integrity": "sha512-PlhdFcillOINfeV7Ni6oF1TAEayyZBoZ8bcshTHqOYJYlrqzRK5hagpagky5o4HfCzzd1TRkXPMFq6cKk9rGmA=="
		},
		"mocha-json-streamier-reporter": {
			"version": "1.4.2",
			"resolved": "https://registry.npmjs.org/mocha-json-streamier-reporter/-/mocha-json-streamier-reporter-1.4.2.tgz",
			"integrity": "sha512-Gs4SRf78mGrBb7K8Xx70X2hFpV/2ZdZMqEElcGJ8Bc9X9FZgfFOs6PXNdY8MlfWHSLvDn9bFzJDh+QmfdqZEAQ==",
			"requires": {
				"json3": "^3.3.2",
				"lodash": "^4.17.4"
			}
		}
	}
}
